{
  "originHash" : "80158d720282aa819b6ab9dbdf489092ce70a23c34f22acea42689a25e46a119",
  "pins" : [
    {
      "identity" : "alamofire",
      "kind" : "remoteSourceControl",
      "location" : "https://github.com/Alamofire/Alamofire.git",
      "state" : {
        "revision" : "3f99050e75bbc6fe71fc323adabb039756680016",
        "version" : "5.11.1"
      }
    },
    {
      "identity" : "kingfisher",
      "kind" : "remoteSourceControl",
      "location" : "https://github.com/onevcat/Kingfisher.git",
      "state" : {
        "revision" : "cf8be20d07654570554c8a8a4952bc8a5766a8b0",
        "version" : "8.9.0"
      }
    },
    {
      "identity" : "popupview",
      "kind" : "remoteSourceControl",
      "location" : "https://github.com/exyte/PopupView",
      "state" : {
        "revision" : "ad7f6229e268aa4f45b2b27f60a030f89d8e7ab7",
        "version" : "4.1.19"
      }
    },
    {
      "identity" : "swiftimagecompressor",
      "kind" : "remoteSourceControl",
      "location" : "https://github.com/Little-tale/SwiftImageCompressor.git",
      "state" : {
        "revision" : "6ad6967eb0208f2896843d13dac942390fcc1b5b",
        "version" : "0.0.4"
      }
    },
    {
      "identity" : "swiftui-introspect",
      "kind" : "remoteSourceControl",
      "location" : "https://github.com/siteline/swiftui-introspect",
      "state" : {
        "revision" : "a08b87f96b41055577721a6e397562b21ad52454",
        "version" : "26.0.0"
      }
    },
    {
      "identity" : "swiftybeaver",
      "kind" : "remoteSourceControl",
      "location" : "https://github.com/SwiftyBeaver/SwiftyBeaver.git",
      "state" : {
        "revision" : "8cba041db09596183331d123f337d0eb2e6e8e91",
        "version" : "2.1.1"
      }
    }
  ],
  "version" : 3
}
